# THIS IS AN AUTOGENERATED FILE. DO NOT EDIT THIS FILE DIRECTLY.
# yarn lockfile v1


content-type@^1.0.4:
  version "1.0.4"
  resolved "https://registry.yarnpkg.com/content-type/-/content-type-1.0.4.tgz#e138cc75e040c727b1966fe5e5f8c9aee256fe3b"
  integrity sha512-hIP3EEPs8tB9AT1L+NUqtwOAps4mk2Zob89MWXMHjHWg9milF/j4osnnQLXBCBFBk/tvIG/tUc9mOUJiPBhPXA==

debug@^4.1.0, debug@^4.1.1:
  version "4.1.1"
  resolved "https://registry.yarnpkg.com/debug/-/debug-4.1.1.tgz#3b72260255109c6b589cee050f1d516139664791"
  integrity sha512-pYAIzeRo8J6KPEaJ0VWOh5Pzkbw/RetuzehGM7QRRX5he4fPHx2rdKMB256ehJCkX+XRQm16eZLqLNS8RSZXZw==
  dependencies:
    ms "^2.1.1"

file-type@^12.4.0:
  version "12.4.0"
  resolved "https://registry.yarnpkg.com/file-type/-/file-type-12.4.0.tgz#a9a399459e1940d9f34b3973039958f1f36a565e"
  integrity sha512-WTvyKq8yjtNmUtVAD8LGcTkvtCdJglM6ks2HTqEClm6+65XTqM6MoZYA1Vtra50DLRWLiM38fEs1y56f5VhnUA==

media-typer@^1.1.0:
  version "1.1.0"
  resolved "https://registry.yarnpkg.com/media-typer/-/media-typer-1.1.0.tgz#6ab74b8f2d3320f2064b2a87a38e7931ff3a5561"
  integrity sha512-aisnrDP4GNe06UcKFnV5bfMNPBUw4jsLGaWwWfnH3v02GnBuXX2MCVn5RbrWo0j3pczUilYblq7fQ7Nw2t5XKw==

ms@^2.1.1:
  version "2.1.2"
  resolved "https://registry.yarnpkg.com/ms/-/ms-2.1.2.tgz#d09d1f357b443f493382a8eb3ccd183872ae6009"
  integrity sha512-sGkPx+VjMtmA6MX27oA4FBFELFCZZ4S4XqeGOXCv68tT+jb3vk/RyaKWP0PTKyWtmLSM0b+adUTEvbs1PEaH2w==

music-metadata@^4.8.4:
  version "4.8.4"
  resolved "https://registry.yarnpkg.com/music-metadata/-/music-metadata-4.8.4.tgz#e4d1dd285b47ce6dde2388509f85c2f13f8672d5"
  integrity sha512-Di6EVUG7BT/acgr7U+b2U89DtzQRLOV5LvjsnPzY0riqEDqio3lCJ15QNDoG7dQfT5bV0VL/ocLk7tUeh9fubA==
  dependencies:
    content-type "^1.0.4"
    debug "^4.1.0"
    file-type "^12.4.0"
    media-typer "^1.1.0"
    strtok3 "^3.0.6"
    token-types "^1.1.0"

node-fetch@^2.6.0:
  version "2.6.1"
  resolved "https://registry.yarnpkg.com/node-fetch/-/node-fetch-2.6.1.tgz#045bd323631f76ed2e2b55573394416b639a0052"
  integrity sha512-V4aYg89jEoVRxRb2fJdAg8FHvI7cEyYdVAh94HH0UIK8oJxUfkjlDQN9RbMx+bEjP7+ggMiFRprSti032Oipxw==

streaming-http-token-reader@^0.3.0:
  version "0.3.0"
  resolved "https://registry.yarnpkg.com/streaming-http-token-reader/-/streaming-http-token-reader-0.3.0.tgz#bea08cd4aa2a7c669f9fae3ff2f698b39226b56c"
  integrity sha512-9Tr/dElmMBAQIn5KLtCnCjfIEOIyOQSffkGYA21JR8j+lNfr/JIPmj6MBhnoBq3RwPqj2F8nGk/8UROtn28Jmg==
  dependencies:
    debug "^4.1.1"
    node-fetch "^2.6.0"
    strtok3 "^3.0.4"

strtok3@^3.0.4, strtok3@^3.0.6:
  version "3.0.6"
  resolved "https://registry.yarnpkg.com/strtok3/-/strtok3-3.0.6.tgz#b75ad4bd00146b8bc56507266cc08df0a02b4fec"
  integrity sha512-suDDUDB4vP0YN6xuPGDY3DZAITzzNc2kNZ+TSshi5UsD6lc/XgRAx6bdN8DD67382lxdgBNFfzLUmpRGqr5EuA==
  dependencies:
    debug "^4.1.1"
    then-read-stream "^2.0.8"
    token-types "^1.1.0"

then-read-stream@^2.0.8:
  version "2.0.8"
  resolved "https://registry.yarnpkg.com/then-read-stream/-/then-read-stream-2.0.8.tgz#1d2c29e46af1327101875abef183e43313876c1b"
  integrity sha512-OIQn3/zF2J/gp6mAQTbBb1AR+3yoSRqjaij0gGnEUcTl93T840mWIZ9sJWwubjwP7VUDwJpT+Tdl7T9RrQmMlw==

token-types@^1.1.0:
  version "1.1.0"
  resolved "https://registry.yarnpkg.com/token-types/-/token-types-1.1.0.tgz#8bf60f633583089a8653005bdff96020e44f947e"
  integrity sha512-CgM5GmtJaZ+uTOiZHzs9pwUa/udjEVl/cxQ2KGpl88Hh7k71sdBz9j95dYjx83O68B6CGvefm29l4rBZq1PeuQ==
